
Microsoft Visual Studio Solution File, Format Version 12.00
# Visual Studio Version 17
VisualStudioVersion = 17.3.32922.545
MinimumVisualStudioVersion = 10.0.40219.1
Project("{9A19103F-16F7-4668-BE54-9A1E7A4F7556}") = "PATHServer", "PATHServer\PATHServer.csproj", "{C4897436-B6E3-4996-87E7-E15751AB216C}"
EndProject
Project("{9A19103F-16F7-4668-BE54-9A1E7A4F7556}") = "Socket", "Socket\Socket.csproj", "{A1047CAD-09E8-4025-BF79-B3FBCEF2197F}"
EndProject
Project("{9A19103F-16F7-4668-BE54-9A1E7A4F7556}") = "ClientTest", "ClientTest\ClientTest.csproj", "{7D34D016-307C-455E-8B73-38500487BE44}"
EndProject
Project("{9A19103F-16F7-4668-BE54-9A1E7A4F7556}") = "ServeurTest", "ServeurTest\ServeurTest.csproj", "{6F3FE723-7234-478A-BD86-AF2A180F5389}"
EndProject
Project("{9A19103F-16F7-4668-BE54-9A1E7A4F7556}") = "WebApplicationAPI", "WebApplicationAPI\WebApplicationAPI.csproj", "{DE0412EE-6DF8-4C03-AD4C-5B1F72D5919B}"
EndProject
Project("{2150E333-8FDC-42A3-9474-1A3956D46DE8}") = "Postman Collections", "Postman Collections", "{476EB01E-0B56-4DF6-8630-1E8327835274}"
	ProjectSection(SolutionItems) = preProject
		Readme.txt = Readme.txt
	EndProjectSection
EndProject
Global
	GlobalSection(SolutionConfigurationPlatforms) = preSolution
		Debug|Any CPU = Debug|Any CPU
		Release|Any CPU = Release|Any CPU
	EndGlobalSection
	GlobalSection(ProjectConfigurationPlatforms) = postSolution
		{C4897436-B6E3-4996-87E7-E15751AB216C}.Debug|Any CPU.ActiveCfg = Debug|Any CPU
		{C4897436-B6E3-4996-87E7-E15751AB216C}.Debug|Any CPU.Build.0 = Debug|Any CPU
		{C4897436-B6E3-4996-87E7-E15751AB216C}.Release|Any CPU.ActiveCfg = Release|Any CPU
		{C4897436-B6E3-4996-87E7-E15751AB216C}.Release|Any CPU.Build.0 = Release|Any CPU
		{A1047CAD-09E8-4025-BF79-B3FBCEF2197F}.Debug|Any CPU.ActiveCfg = Debug|Any CPU
		{A1047CAD-09E8-4025-BF79-B3FBCEF2197F}.Debug|Any CPU.Build.0 = Debug|Any CPU
		{A1047CAD-09E8-4025-BF79-B3FBCEF2197F}.Release|Any CPU.ActiveCfg = Release|Any CPU
		{A1047CAD-09E8-4025-BF79-B3FBCEF2197F}.Release|Any CPU.Build.0 = Release|Any CPU
		{7D34D016-307C-455E-8B73-38500487BE44}.Debug|Any CPU.ActiveCfg = Debug|Any CPU
		{7D34D016-307C-455E-8B73-38500487BE44}.Debug|Any CPU.Build.0 = Debug|Any CPU
		{7D34D016-307C-455E-8B73-38500487BE44}.Release|Any CPU.ActiveCfg = Release|Any CPU
		{7D34D016-307C-455E-8B73-38500487BE44}.Release|Any CPU.Build.0 = Release|Any CPU
		{6F3FE723-7234-478A-BD86-AF2A180F5389}.Debug|Any CPU.ActiveCfg = Debug|Any CPU
		{6F3FE723-7234-478A-BD86-AF2A180F5389}.Debug|Any CPU.Build.0 = Debug|Any CPU
		{6F3FE723-7234-478A-BD86-AF2A180F5389}.Release|Any CPU.ActiveCfg = Release|Any CPU
		{6F3FE723-7234-478A-BD86-AF2A180F5389}.Release|Any CPU.Build.0 = Release|Any CPU
		{DE0412EE-6DF8-4C03-AD4C-5B1F72D5919B}.Debug|Any CPU.ActiveCfg = Debug|Any CPU
		{DE0412EE-6DF8-4C03-AD4C-5B1F72D5919B}.Debug|Any CPU.Build.0 = Debug|Any CPU
		{DE0412EE-6DF8-4C03-AD4C-5B1F72D5919B}.Release|Any CPU.ActiveCfg = Release|Any CPU
		{DE0412EE-6DF8-4C03-AD4C-5B1F72D5919B}.Release|Any CPU.Build.0 = Release|Any CPU
	EndGlobalSection
	GlobalSection(SolutionProperties) = preSolution
		HideSolutionNode = FALSE
	EndGlobalSection
	GlobalSection(ExtensibilityGlobals) = postSolution
		SolutionGuid = {15367278-9035-48B9-BB57-3987CD9E2308}
	EndGlobalSection
EndGlobal
